<?xml version="1.0" encoding="utf-8"?>
<Project ToolsVersion="4.0" xmlns="http://schemas.microsoft.com/developer/msbuild/2003">
  <ItemGroup>
    <Filter Include="Source Files">
      <UniqueIdentifier>{4FC737F1-C7A5-4376-A066-2A32D752A2FF}</UniqueIdentifier>
      <Extensions>cpp;c;cc;cxx;def;odl;idl;hpj;bat;asm;asmx</Extensions>
    </Filter>
    <Filter Include="Header Files">
      <UniqueIdentifier>{93995380-89BD-4b04-88EB-625FBE52EBFB}</UniqueIdentifier>
      <Extensions>h;hh;hpp;hxx;hm;inl;inc;xsd</Extensions>
    </Filter>
    <Filter Include="Resource Files">
      <UniqueIdentifier>{67DA6AB6-F800-4c08-8B7A-83BB121AAD01}</UniqueIdentifier>
      <Extensions>rc;ico;cur;bmp;dlg;rc2;rct;bin;rgs;gif;jpg;jpeg;jpe;resx;tiff;tif;png;wav;mfcribbon-ms</Extensions>
    </Filter>
    <Filter Include="libp2p">
      <UniqueIdentifier>{81022467-bbf3-41a2-bfac-129b6b6ab1ed}</UniqueIdentifier>
    </Filter>
  </ItemGroup>
  <ItemGroup>
    <ClInclude Include="..\src\AVIReadCache.h">
      <Filter>Header Files</Filter>
    </ClInclude>
    <ClInclude Include="..\src\AVIReadHandler.h">
      <Filter>Header Files</Filter>
    </ClInclude>
    <ClInclude Include="..\src\AVIReadIndex.h">
      <Filter>Header Files</Filter>
    </ClInclude>
    <ClInclude Include="..\src\Avisynth.h">
      <Filter>Header Files</Filter>
    </ClInclude>
    <ClInclude Include="..\src\clip_info.h">
      <Filter>Header Files</Filter>
    </ClInclude>
    <ClInclude Include="..\src\DubSource.h">
      <Filter>Header Files</Filter>
    </ClInclude>
    <ClInclude Include="..\src\FastReadStream.h">
      <Filter>Header Files</Filter>
    </ClInclude>
    <ClInclude Include="..\src\Fixes.h">
      <Filter>Header Files</Filter>
    </ClInclude>
    <ClInclude Include="..\src\misc.h">
      <Filter>Header Files</Filter>
    </ClInclude>
    <ClInclude Include="..\src\stdafx.h">
      <Filter>Header Files</Filter>
    </ClInclude>
    <ClInclude Include="..\src\libp2p\p2p.h">
      <Filter>libp2p</Filter>
    </ClInclude>
    <ClInclude Include="..\src\libp2p\p2p_api.h">
      <Filter>libp2p</Filter>
    </ClInclude>
    <ClInclude Include="..\src\vsutf16.h">
      <Filter>Header Files</Filter>
    </ClInclude>
  </ItemGroup>
  <ItemGroup>
    <ClCompile Include="..\src\libp2p\p2p_api.cpp">
      <Filter>libp2p</Filter>
    </ClCompile>
    <ClCompile Include="..\src\libp2p\v210.cpp">
      <Filter>libp2p</Filter>
    </ClCompile>
    <ClCompile Include="..\src\avi_source.cpp">
      <Filter>Source Files</Filter>
    </ClCompile>
    <ClCompile Include="..\src\AVIReadCache.cpp">
      <Filter>Source Files</Filter>
    </ClCompile>
    <ClCompile Include="..\src\AVIReadHandler.cpp">
      <Filter>Source Files</Filter>
    </ClCompile>
    <ClCompile Include="..\src\AVIReadHandlerTunnelW32.cpp">
      <Filter>Source Files</Filter>
    </ClCompile>
    <ClCompile Include="..\src\AVIReadIndex.cpp">
      <Filter>Source Files</Filter>
    </ClCompile>
    <ClCompile Include="..\src\DubSource.cpp">
      <Filter>Source Files</Filter>
    </ClCompile>
    <ClCompile Include="..\src\FastReadStream.cpp">
      <Filter>Source Files</Filter>
    </ClCompile>
    <ClCompile Include="..\src\misc.cpp">
      <Filter>Source Files</Filter>
    </ClCompile>
    <ClCompile Include="..\src\stdafx.cpp">
      <Filter>Source Files</Filter>
    </ClCompile>
  </ItemGroup>
</Project>